
Microsoft Visual Studio Solution File, Format Version 12.00
# Visual Studio Version 17
VisualStudioVersion = 17.11.35222.181
MinimumVisualStudioVersion = 10.0.40219.1
Project("{FAE04EC0-301F-11D3-BF4B-00C04F79EFBC}") = "GroceryStore", "GroceryStore\GroceryStore.csproj", "{BAFFC564-B08A-433C-A883-B41103796949}"
EndProject
Global
	GlobalSection(SolutionConfigurationPlatforms) = preSolution
		Debug|Any CPU = Debug|Any CPU
		Release|Any CPU = Release|Any CPU
	EndGlobalSection
	GlobalSection(ProjectConfigurationPlatforms) = postSolution
		{BAFFC564-B08A-433C-A883-B41103796949}.Debug|Any CPU.ActiveCfg = Debug|Any CPU
		{BAFFC564-B08A-433C-A883-B41103796949}.Debug|Any CPU.Build.0 = Debug|Any CPU
		{BAFFC564-B08A-433C-A883-B41103796949}.Release|Any CPU.ActiveCfg = Release|Any CPU
		{BAFFC564-B08A-433C-A883-B41103796949}.Release|Any CPU.Build.0 = Release|Any CPU
	EndGlobalSection
	GlobalSection(SolutionProperties) = preSolution
		HideSolutionNode = FALSE
	EndGlobalSection
	GlobalSection(ExtensibilityGlobals) = postSolution
		SolutionGuid = {2282D1EE-9427-4404-9E9A-E64A0C32D8DE}
	EndGlobalSection
EndGlobal
